
Microsoft Visual Studio Solution File, Format Version 12.00
# Visual Studio Version 16
VisualStudioVersion = 16.0.31911.196
MinimumVisualStudioVersion = 10.0.40219.1
Project("{FAE04EC0-301F-11D3-BF4B-00C04F79EFBC}") = "proyecto13.4", "proyecto13.4\proyecto13.4.csproj", "{89810F07-F184-46B8-86BB-8778425C2DFF}"
EndProject
Global
	GlobalSection(SolutionConfigurationPlatforms) = preSolution
		Debug|Any CPU = Debug|Any CPU
		Release|Any CPU = Release|Any CPU
	EndGlobalSection
	GlobalSection(ProjectConfigurationPlatforms) = postSolution
		{89810F07-F184-46B8-86BB-8778425C2DFF}.Debug|Any CPU.ActiveCfg = Debug|Any CPU
		{89810F07-F184-46B8-86BB-8778425C2DFF}.Debug|Any CPU.Build.0 = Debug|Any CPU
		{89810F07-F184-46B8-86BB-8778425C2DFF}.Release|Any CPU.ActiveCfg = Release|Any CPU
		{89810F07-F184-46B8-86BB-8778425C2DFF}.Release|Any CPU.Build.0 = Release|Any CPU
	EndGlobalSection
	GlobalSection(SolutionProperties) = preSolution
		HideSolutionNode = FALSE
	EndGlobalSection
	GlobalSection(ExtensibilityGlobals) = postSolution
		SolutionGuid = {EAEA1839-7BB8-4D66-A0C4-A4D0F790722D}
	EndGlobalSection
EndGlobal
